{
  "name": "next-vulnerable-example",
  "version": "1.0.0",
  "lockfileVersion": 3,
  "requires": true,
  "packages": {
    "": {
      "name": "next-vulnerable-example",
      "version": "1.0.0",
      "dependencies": {
        "next": "15.2.1",
        "react": "19.1.0",
        "react-dom": "19.1.0"
      }
    },
    "node_modules/next": {
      "version": "15.2.1",
      "resolved": "https://registry.npmjs.org/next/-/next-15.2.1.tgz"
    },
    "node_modules/react": {
      "version": "19.1.0",
      "resolved": "https://registry.npmjs.org/react/-/react-19.1.0.tgz"
    },
    "node_modules/react-dom": {
      "version": "19.1.0",
      "resolved": "https://registry.npmjs.org/react-dom/-/react-dom-19.1.0.tgz"
    },
    "node_modules/react-server-dom-webpack": {
      "version": "19.1.0",
      "resolved": "https://registry.npmjs.org/react-server-dom-webpack/-/react-server-dom-webpack-19.1.0.tgz"
    }
  }
}
