lockfileVersion: '9.0'

settings:
  autoInstallPeers: true
  excludeLinksFromLockfile: false

importers:
  .:
    dependencies:
      next:
        specifier: 15.1.0
        version: 15.1.0
      react:
        specifier: 19.1.0
        version: 19.1.0
      react-dom:
        specifier: 19.1.0
        version: 19.1.0

packages:
  /next@15.1.0:
    resolution: {integrity: sha512-fake}
    engines: {node: '>=18.18.0'}

  /react@19.1.0:
    resolution: {integrity: sha512-fake}
    engines: {node: '>=0.10.0'}

  /react-dom@19.1.0:
    resolution: {integrity: sha512-fake}

  /react-server-dom-webpack@19.1.0:
    resolution: {integrity: sha512-fake}
